// !$*UTF8*$!
{
	archiveVersion = 1;
	classes = {
	};
	objectVersion = 46;
	objects = {

/* Begin PBXBuildFile section */
		653340C7190E53D1005707F5 /* Foundation.framework in Frameworks */ = {isa = PBXBuildFile; fileRef = 653340C6190E53D1005707F5 /* Foundation.framework */; };
		653340C9190E53D1005707F5 /* CoreGraphics.framework in Frameworks */ = {isa = PBXBuildFile; fileRef = 653340C8190E53D1005707F5 /* CoreGraphics.framework */; };
		653340CB190E53D1005707F5 /* UIKit.framework in Frameworks */ = {isa = PBXBuildFile; fileRef = 653340CA190E53D1005707F5 /* UIKit.framework */; };
		653340D1190E53D1005707F5 /* InfoPlist.strings in Resources */ = {isa = PBXBuildFile; fileRef = 653340CF190E53D1005707F5 /* InfoPlist.strings */; };
		653340D3190E53D1005707F5 /* main.m in Sources */ = {isa = PBXBuildFile; fileRef = 653340D2190E53D1005707F5 /* main.m */; };
		653340D7190E53D1005707F5 /* ODLAppDelegate.m in Sources */ = {isa = PBXBuildFile; fileRef = 653340D6190E53D1005707F5 /* ODLAppDelegate.m */; };
		653340D9190E53D1005707F5 /* Images.xcassets in Resources */ = {isa = PBXBuildFile; fileRef = 653340D8190E53D1005707F5 /* Images.xcassets */; };
		653340E0190E53D1005707F5 /* XCTest.framework in Frameworks */ = {isa = PBXBuildFile; fileRef = 653340DF190E53D1005707F5 /* XCTest.framework */; };
		653340E1190E53D1005707F5 /* Foundation.framework in Frameworks */ = {isa = PBXBuildFile; fileRef = 653340C6190E53D1005707F5 /* Foundation.framework */; };
		653340E2190E53D1005707F5 /* UIKit.framework in Frameworks */ = {isa = PBXBuildFile; fileRef = 653340CA190E53D1005707F5 /* UIKit.framework */; };
		653340EA190E53D1005707F5 /* InfoPlist.strings in Resources */ = {isa = PBXBuildFile; fileRef = 653340E8190E53D1005707F5 /* InfoPlist.strings */; };
		653340EC190E53D1005707F5 /* Lab_FinderTests.m in Sources */ = {isa = PBXBuildFile; fileRef = 653340EB190E53D1005707F5 /* Lab_FinderTests.m */; };
		653340FA190E5641005707F5 /* ODLDeviceLab.m in Sources */ = {isa = PBXBuildFile; fileRef = 653340F9190E5641005707F5 /* ODLDeviceLab.m */; };
		653340FD190E5690005707F5 /* ODLMasterViewController.m in Sources */ = {isa = PBXBuildFile; fileRef = 653340FC190E5690005707F5 /* ODLMasterViewController.m */; };
		65334100190E5926005707F5 /* ODLMasterViewModel.m in Sources */ = {isa = PBXBuildFile; fileRef = 653340FF190E5926005707F5 /* ODLMasterViewModel.m */; };
		65334103190E5A72005707F5 /* ODLDeviceLabViewModel.m in Sources */ = {isa = PBXBuildFile; fileRef = 65334102190E5A72005707F5 /* ODLDeviceLabViewModel.m */; };
		65334107190E6143005707F5 /* ODLNetworkManager.m in Sources */ = {isa = PBXBuildFile; fileRef = 65334106190E6143005707F5 /* ODLNetworkManager.m */; };
		6533410D190E73F2005707F5 /* ODLDeviceLabTableViewCell.m in Sources */ = {isa = PBXBuildFile; fileRef = 6533410B190E73F2005707F5 /* ODLDeviceLabTableViewCell.m */; };
		6533410E190E73F2005707F5 /* ODLDeviceLabTableViewCell.xib in Resources */ = {isa = PBXBuildFile; fileRef = 6533410C190E73F2005707F5 /* ODLDeviceLabTableViewCell.xib */; };
		71765A189E824DAEBEBAC94A /* libPods-Lab FinderTests.a in Frameworks */ = {isa = PBXBuildFile; fileRef = FA4C6F7BE8564EC7BC627540 /* libPods-Lab FinderTests.a */; };
		D8BAC35C3AC74EE69CAEB4D8 /* libPods.a in Frameworks */ = {isa = PBXBuildFile; fileRef = 5994388EA4664489AD1108D2 /* libPods.a */; };
/* End PBXBuildFile section */

/* Begin PBXContainerItemProxy section */
		653340E3190E53D1005707F5 /* PBXContainerItemProxy */ = {
			isa = PBXContainerItemProxy;
			containerPortal = 653340BB190E53D1005707F5 /* Project object */;
			proxyType = 1;
			remoteGlobalIDString = 653340C2190E53D1005707F5;
			remoteInfo = "Lab Finder";
		};
/* End PBXContainerItemProxy section */

/* Begin PBXFileReference section */
		0552643CC9D0475DBB4D1E1A /* Pods-Lab FinderTests.xcconfig */ = {isa = PBXFileReference; includeInIndex = 1; lastKnownFileType = text.xcconfig; name = "Pods-Lab FinderTests.xcconfig"; path = "Pods/Pods-Lab FinderTests.xcconfig"; sourceTree = "<group>"; };
		5994388EA4664489AD1108D2 /* libPods.a */ = {isa = PBXFileReference; explicitFileType = archive.ar; includeInIndex = 0; path = libPods.a; sourceTree = BUILT_PRODUCTS_DIR; };
		653340C3190E53D1005707F5 /* Lab Finder.app */ = {isa = PBXFileReference; explicitFileType = wrapper.application; includeInIndex = 0; path = "Lab Finder.app"; sourceTree = BUILT_PRODUCTS_DIR; };
		653340C6190E53D1005707F5 /* Foundation.framework */ = {isa = PBXFileReference; lastKnownFileType = wrapper.framework; name = Foundation.framework; path = System/Library/Frameworks/Foundation.framework; sourceTree = SDKROOT; };
		653340C8190E53D1005707F5 /* CoreGraphics.framework */ = {isa = PBXFileReference; lastKnownFileType = wrapper.framework; name = CoreGraphics.framework; path = System/Library/Frameworks/CoreGraphics.framework; sourceTree = SDKROOT; };
		653340CA190E53D1005707F5 /* UIKit.framework */ = {isa = PBXFileReference; lastKnownFileType = wrapper.framework; name = UIKit.framework; path = System/Library/Frameworks/UIKit.framework; sourceTree = SDKROOT; };
		653340CE190E53D1005707F5 /* Lab Finder-Info.plist */ = {isa = PBXFileReference; lastKnownFileType = text.plist.xml; path = "Lab Finder-Info.plist"; sourceTree = "<group>"; };
		653340D0190E53D1005707F5 /* en */ = {isa = PBXFileReference; lastKnownFileType = text.plist.strings; name = en; path = en.lproj/InfoPlist.strings; sourceTree = "<group>"; };
		653340D2190E53D1005707F5 /* main.m */ = {isa = PBXFileReference; lastKnownFileType = sourcecode.c.objc; path = main.m; sourceTree = "<group>"; };
		653340D4190E53D1005707F5 /* Lab Finder-Prefix.pch */ = {isa = PBXFileReference; lastKnownFileType = sourcecode.c.h; path = "Lab Finder-Prefix.pch"; sourceTree = "<group>"; };
		653340D5190E53D1005707F5 /* ODLAppDelegate.h */ = {isa = PBXFileReference; lastKnownFileType = sourcecode.c.h; path = ODLAppDelegate.h; sourceTree = "<group>"; };
		653340D6190E53D1005707F5 /* ODLAppDelegate.m */ = {isa = PBXFileReference; lastKnownFileType = sourcecode.c.objc; path = ODLAppDelegate.m; sourceTree = "<group>"; };
		653340D8190E53D1005707F5 /* Images.xcassets */ = {isa = PBXFileReference; lastKnownFileType = folder.assetcatalog; path = Images.xcassets; sourceTree = "<group>"; };
		653340DE190E53D1005707F5 /* Lab FinderTests.xctest */ = {isa = PBXFileReference; explicitFileType = wrapper.cfbundle; includeInIndex = 0; path = "Lab FinderTests.xctest"; sourceTree = BUILT_PRODUCTS_DIR; };
		653340DF190E53D1005707F5 /* XCTest.framework */ = {isa = PBXFileReference; lastKnownFileType = wrapper.framework; name = XCTest.framework; path = Library/Frameworks/XCTest.framework; sourceTree = DEVELOPER_DIR; };
		653340E7190E53D1005707F5 /* Lab FinderTests-Info.plist */ = {isa = PBXFileReference; lastKnownFileType = text.plist.xml; path = "Lab FinderTests-Info.plist"; sourceTree = "<group>"; };
		653340E9190E53D1005707F5 /* en */ = {isa = PBXFileReference; lastKnownFileType = text.plist.strings; name = en; path = en.lproj/InfoPlist.strings; sourceTree = "<group>"; };
		653340EB190E53D1005707F5 /* Lab_FinderTests.m */ = {isa = PBXFileReference; lastKnownFileType = sourcecode.c.objc; path = Lab_FinderTests.m; sourceTree = "<group>"; };
		653340F8190E5641005707F5 /* ODLDeviceLab.h */ = {isa = PBXFileReference; fileEncoding = 4; lastKnownFileType = sourcecode.c.h; path = ODLDeviceLab.h; sourceTree = "<group>"; };
		653340F9190E5641005707F5 /* ODLDeviceLab.m */ = {isa = PBXFileReference; fileEncoding = 4; lastKnownFileType = sourcecode.c.objc; path = ODLDeviceLab.m; sourceTree = "<group>"; };
		653340FB190E5690005707F5 /* ODLMasterViewController.h */ = {isa = PBXFileReference; fileEncoding = 4; lastKnownFileType = sourcecode.c.h; path = ODLMasterViewController.h; sourceTree = "<group>"; };
		653340FC190E5690005707F5 /* ODLMasterViewController.m */ = {isa = PBXFileReference; fileEncoding = 4; lastKnownFileType = sourcecode.c.objc; path = ODLMasterViewController.m; sourceTree = "<group>"; };
		653340FE190E5926005707F5 /* ODLMasterViewModel.h */ = {isa = PBXFileReference; fileEncoding = 4; lastKnownFileType = sourcecode.c.h; path = ODLMasterViewModel.h; sourceTree = "<group>"; };
		653340FF190E5926005707F5 /* ODLMasterViewModel.m */ = {isa = PBXFileReference; fileEncoding = 4; lastKnownFileType = sourcecode.c.objc; path = ODLMasterViewModel.m; sourceTree = "<group>"; };
		65334101190E5A72005707F5 /* ODLDeviceLabViewModel.h */ = {isa = PBXFileReference; fileEncoding = 4; lastKnownFileType = sourcecode.c.h; path = ODLDeviceLabViewModel.h; sourceTree = "<group>"; };
		65334102190E5A72005707F5 /* ODLDeviceLabViewModel.m */ = {isa = PBXFileReference; fileEncoding = 4; lastKnownFileType = sourcecode.c.objc; path = ODLDeviceLabViewModel.m; sourceTree = "<group>"; };
		65334105190E6143005707F5 /* ODLNetworkManager.h */ = {isa = PBXFileReference; fileEncoding = 4; lastKnownFileType = sourcecode.c.h; path = ODLNetworkManager.h; sourceTree = "<group>"; };
		65334106190E6143005707F5 /* ODLNetworkManager.m */ = {isa = PBXFileReference; fileEncoding = 4; lastKnownFileType = sourcecode.c.objc; path = ODLNetworkManager.m; sourceTree = "<group>"; };
		6533410A190E73F2005707F5 /* ODLDeviceLabTableViewCell.h */ = {isa = PBXFileReference; fileEncoding = 4; lastKnownFileType = sourcecode.c.h; path = ODLDeviceLabTableViewCell.h; sourceTree = "<group>"; };
		6533410B190E73F2005707F5 /* ODLDeviceLabTableViewCell.m */ = {isa = PBXFileReference; fileEncoding = 4; lastKnownFileType = sourcecode.c.objc; path = ODLDeviceLabTableViewCell.m; sourceTree = "<group>"; };
		6533410C190E73F2005707F5 /* ODLDeviceLabTableViewCell.xib */ = {isa = PBXFileReference; fileEncoding = 4; lastKnownFileType = file.xib; path = ODLDeviceLabTableViewCell.xib; sourceTree = "<group>"; };
		BEC05017DDA34EA8AB17239D /* Pods.xcconfig */ = {isa = PBXFileReference; includeInIndex = 1; lastKnownFileType = text.xcconfig; name = Pods.xcconfig; path = Pods/Pods.xcconfig; sourceTree = "<group>"; };
		FA4C6F7BE8564EC7BC627540 /* libPods-Lab FinderTests.a */ = {isa = PBXFileReference; explicitFileType = archive.ar; includeInIndex = 0; path = "libPods-Lab FinderTests.a"; sourceTree = BUILT_PRODUCTS_DIR; };
/* End PBXFileReference section */

/* Begin PBXFrameworksBuildPhase section */
		653340C0190E53D1005707F5 /* Frameworks */ = {
			isa = PBXFrameworksBuildPhase;
			buildActionMask = 2147483647;
			files = (
				653340C9190E53D1005707F5 /* CoreGraphics.framework in Frameworks */,
				653340CB190E53D1005707F5 /* UIKit.framework in Frameworks */,
				653340C7190E53D1005707F5 /* Foundation.framework in Frameworks */,
				D8BAC35C3AC74EE69CAEB4D8 /* libPods.a in Frameworks */,
			);
			runOnlyForDeploymentPostprocessing = 0;
		};
		653340DB190E53D1005707F5 /* Frameworks */ = {
			isa = PBXFrameworksBuildPhase;
			buildActionMask = 2147483647;
			files = (
				653340E0190E53D1005707F5 /* XCTest.framework in Frameworks */,
				653340E2190E53D1005707F5 /* UIKit.framework in Frameworks */,
				653340E1190E53D1005707F5 /* Foundation.framework in Frameworks */,
				71765A189E824DAEBEBAC94A /* libPods-Lab FinderTests.a in Frameworks */,
			);
			runOnlyForDeploymentPostprocessing = 0;
		};
/* End PBXFrameworksBuildPhase section */

/* Begin PBXGroup section */
		653340BA190E53D1005707F5 = {
			isa = PBXGroup;
			children = (
				653340CC190E53D1005707F5 /* Lab Finder */,
				653340E5190E53D1005707F5 /* Lab FinderTests */,
				653340C5190E53D1005707F5 /* Frameworks */,
				653340C4190E53D1005707F5 /* Products */,
				BEC05017DDA34EA8AB17239D /* Pods.xcconfig */,
				0552643CC9D0475DBB4D1E1A /* Pods-Lab FinderTests.xcconfig */,
			);
			sourceTree = "<group>";
		};
		653340C4190E53D1005707F5 /* Products */ = {
			isa = PBXGroup;
			children = (
				653340C3190E53D1005707F5 /* Lab Finder.app */,
				653340DE190E53D1005707F5 /* Lab FinderTests.xctest */,
			);
			name = Products;
			sourceTree = "<group>";
		};
		653340C5190E53D1005707F5 /* Frameworks */ = {
			isa = PBXGroup;
			children = (
				653340C6190E53D1005707F5 /* Foundation.framework */,
				653340C8190E53D1005707F5 /* CoreGraphics.framework */,
				653340CA190E53D1005707F5 /* UIKit.framework */,
				653340DF190E53D1005707F5 /* XCTest.framework */,
				5994388EA4664489AD1108D2 /* libPods.a */,
				FA4C6F7BE8564EC7BC627540 /* libPods-Lab FinderTests.a */,
			);
			name = Frameworks;
			sourceTree = "<group>";
		};
		653340CC190E53D1005707F5 /* Lab Finder */ = {
			isa = PBXGroup;
			children = (
				65334109190E73CC005707F5 /* Views */,
				65334104190E6114005707F5 /* Helpers */,
				653340F7190E53E3005707F5 /* View Controllers */,
				653340F6190E53DC005707F5 /* View Models */,
				653340F5190E53D7005707F5 /* Models */,
				653340D5190E53D1005707F5 /* ODLAppDelegate.h */,
				653340D6190E53D1005707F5 /* ODLAppDelegate.m */,
				653340D8190E53D1005707F5 /* Images.xcassets */,
				653340CD190E53D1005707F5 /* Supporting Files */,
			);
			path = "Lab Finder";
			sourceTree = "<group>";
		};
		653340CD190E53D1005707F5 /* Supporting Files */ = {
			isa = PBXGroup;
			children = (
				653340CE190E53D1005707F5 /* Lab Finder-Info.plist */,
				653340CF190E53D1005707F5 /* InfoPlist.strings */,
				653340D2190E53D1005707F5 /* main.m */,
				653340D4190E53D1005707F5 /* Lab Finder-Prefix.pch */,
			);
			name = "Supporting Files";
			sourceTree = "<group>";
		};
		653340E5190E53D1005707F5 /* Lab FinderTests */ = {
			isa = PBXGroup;
			children = (
				653340EB190E53D1005707F5 /* Lab_FinderTests.m */,
				653340E6190E53D1005707F5 /* Supporting Files */,
			);
			path = "Lab FinderTests";
			sourceTree = "<group>";
		};
		653340E6190E53D1005707F5 /* Supporting Files */ = {
			isa = PBXGroup;
			children = (
				653340E7190E53D1005707F5 /* Lab FinderTests-Info.plist */,
				653340E8190E53D1005707F5 /* InfoPlist.strings */,
			);
			name = "Supporting Files";
			sourceTree = "<group>";
		};
		653340F5190E53D7005707F5 /* Models */ = {
			isa = PBXGroup;
			children = (
				653340F8190E5641005707F5 /* ODLDeviceLab.h */,
				653340F9190E5641005707F5 /* ODLDeviceLab.m */,
			);
			path = Models;
			sourceTree = "<group>";
		};
		653340F6190E53DC005707F5 /* View Models */ = {
			isa = PBXGroup;
			children = (
				653340FE190E5926005707F5 /* ODLMasterViewModel.h */,
				653340FF190E5926005707F5 /* ODLMasterViewModel.m */,
				65334101190E5A72005707F5 /* ODLDeviceLabViewModel.h */,
				65334102190E5A72005707F5 /* ODLDeviceLabViewModel.m */,
			);
			path = "View Models";
			sourceTree = "<group>";
		};
		653340F7190E53E3005707F5 /* View Controllers */ = {
			isa = PBXGroup;
			children = (
				65334108190E73B6005707F5 /* Master View Controller */,
			);
			path = "View Controllers";
			sourceTree = "<group>";
		};
		65334104190E6114005707F5 /* Helpers */ = {
			isa = PBXGroup;
			children = (
				65334105190E6143005707F5 /* ODLNetworkManager.h */,
				65334106190E6143005707F5 /* ODLNetworkManager.m */,
			);
			path = Helpers;
			sourceTree = "<group>";
		};
		65334108190E73B6005707F5 /* Master View Controller */ = {
			isa = PBXGroup;
			children = (
				653340FB190E5690005707F5 /* ODLMasterViewController.h */,
				653340FC190E5690005707F5 /* ODLMasterViewController.m */,
			);
			name = "Master View Controller";
			sourceTree = "<group>";
		};
		65334109190E73CC005707F5 /* Views */ = {
			isa = PBXGroup;
			children = (
				6533410A190E73F2005707F5 /* ODLDeviceLabTableViewCell.h */,
				6533410B190E73F2005707F5 /* ODLDeviceLabTableViewCell.m */,
				6533410C190E73F2005707F5 /* ODLDeviceLabTableViewCell.xib */,
			);
			path = Views;
			sourceTree = "<group>";
		};
/* End PBXGroup section */

/* Begin PBXNativeTarget section */
		653340C2190E53D1005707F5 /* Lab Finder */ = {
			isa = PBXNativeTarget;
			buildConfigurationList = 653340EF190E53D1005707F5 /* Build configuration list for PBXNativeTarget "Lab Finder" */;
			buildPhases = (
				D9B176CD1EE34AC69C7BD65B /* Check Pods Manifest.lock */,
				653340BF190E53D1005707F5 /* Sources */,
				653340C0190E53D1005707F5 /* Frameworks */,
				653340C1190E53D1005707F5 /* Resources */,
				46F43EDAE0DD44E3807CEC87 /* Copy Pods Resources */,
			);
			buildRules = (
			);
			dependencies = (
			);
			name = "Lab Finder";
			productName = "Lab Finder";
			productReference = 653340C3190E53D1005707F5 /* Lab Finder.app */;
			productType = "com.apple.product-type.application";
		};
		653340DD190E53D1005707F5 /* Lab FinderTests */ = {
			isa = PBXNativeTarget;
			buildConfigurationList = 653340F2190E53D1005707F5 /* Build configuration list for PBXNativeTarget "Lab FinderTests" */;
			buildPhases = (
				6716CCBF31B141CEB5E38C91 /* Check Pods Manifest.lock */,
				653340DA190E53D1005707F5 /* Sources */,
				653340DB190E53D1005707F5 /* Frameworks */,
				653340DC190E53D1005707F5 /* Resources */,
				5126CF13C6C9468E99699CEB /* Copy Pods Resources */,
			);
			buildRules = (
			);
			dependencies = (
				653340E4190E53D1005707F5 /* PBXTargetDependency */,
			);
			name = "Lab FinderTests";
			productName = "Lab FinderTests";
			productReference = 653340DE190E53D1005707F5 /* Lab FinderTests.xctest */;
			productType = "com.apple.product-type.bundle.unit-test";
		};
/* End PBXNativeTarget section */

/* Begin PBXProject section */
		653340BB190E53D1005707F5 /* Project object */ = {
			isa = PBXProject;
			attributes = {
				CLASSPREFIX = ODL;
				LastUpgradeCheck = 0510;
				ORGANIZATIONNAME = "We Are Base";
				TargetAttributes = {
					653340DD190E53D1005707F5 = {
						TestTargetID = 653340C2190E53D1005707F5;
					};
				};
			};
			buildConfigurationList = 653340BE190E53D1005707F5 /* Build configuration list for PBXProject "Lab Finder" */;
			compatibilityVersion = "Xcode 3.2";
			developmentRegion = English;
			hasScannedForEncodings = 0;
			knownRegions = (
				en,
			);
			mainGroup = 653340BA190E53D1005707F5;
			productRefGroup = 653340C4190E53D1005707F5 /* Products */;
			projectDirPath = "";
			projectRoot = "";
			targets = (
				653340C2190E53D1005707F5 /* Lab Finder */,
				653340DD190E53D1005707F5 /* Lab FinderTests */,
			);
		};
/* End PBXProject section */

/* Begin PBXResourcesBuildPhase section */
		653340C1190E53D1005707F5 /* Resources */ = {
			isa = PBXResourcesBuildPhase;
			buildActionMask = 2147483647;
			files = (
				653340D1190E53D1005707F5 /* InfoPlist.strings in Resources */,
				653340D9190E53D1005707F5 /* Images.xcassets in Resources */,
				6533410E190E73F2005707F5 /* ODLDeviceLabTableViewCell.xib in Resources */,
			);
			runOnlyForDeploymentPostprocessing = 0;
		};
		653340DC190E53D1005707F5 /* Resources */ = {
			isa = PBXResourcesBuildPhase;
			buildActionMask = 2147483647;
			files = (
				653340EA190E53D1005707F5 /* InfoPlist.strings in Resources */,
			);
			runOnlyForDeploymentPostprocessing = 0;
		};
/* End PBXResourcesBuildPhase section */

/* Begin PBXShellScriptBuildPhase section */
		46F43EDAE0DD44E3807CEC87 /* Copy Pods Resources */ = {
			isa = PBXShellScriptBuildPhase;
			buildActionMask = 2147483647;
			files = (
			);
			inputPaths = (
			);
			name = "Copy Pods Resources";
			outputPaths = (
			);
			runOnlyForDeploymentPostprocessing = 0;
			shellPath = /bin/sh;
			shellScript = "\"${SRCROOT}/Pods/Pods-resources.sh\"\n";
			showEnvVarsInLog = 0;
		};
		5126CF13C6C9468E99699CEB /* Copy Pods Resources */ = {
			isa = PBXShellScriptBuildPhase;
			buildActionMask = 2147483647;
			files = (
			);
			inputPaths = (
			);
			name = "Copy Pods Resources";
			outputPaths = (
			);
			runOnlyForDeploymentPostprocessing = 0;
			shellPath = /bin/sh;
			shellScript = "\"${SRCROOT}/Pods/Pods-Lab FinderTests-resources.sh\"\n";
			showEnvVarsInLog = 0;
		};
		6716CCBF31B141CEB5E38C91 /* Check Pods Manifest.lock */ = {
			isa = PBXShellScriptBuildPhase;
			buildActionMask = 2147483647;
			files = (
			);
			inputPaths = (
			);
			name = "Check Pods Manifest.lock";
			outputPaths = (
			);
			runOnlyForDeploymentPostprocessing = 0;
			shellPath = /bin/sh;
			shellScript = "diff \"${PODS_ROOT}/../Podfile.lock\" \"${PODS_ROOT}/Manifest.lock\" > /dev/null\nif [[ $? != 0 ]] ; then\n    cat << EOM\nerror: The sandbox is not in sync with the Podfile.lock. Run 'pod install' or update your CocoaPods installation.\nEOM\n    exit 1\nfi\n";
			showEnvVarsInLog = 0;
		};
		D9B176CD1EE34AC69C7BD65B /* Check Pods Manifest.lock */ = {
			isa = PBXShellScriptBuildPhase;
			buildActionMask = 2147483647;
			files = (
			);
			inputPaths = (
			);
			name = "Check Pods Manifest.lock";
			outputPaths = (
			);
			runOnlyForDeploymentPostprocessing = 0;
			shellPath = /bin/sh;
			shellScript = "diff \"${PODS_ROOT}/../Podfile.lock\" \"${PODS_ROOT}/Manifest.lock\" > /dev/null\nif [[ $? != 0 ]] ; then\n    cat << EOM\nerror: The sandbox is not in sync with the Podfile.lock. Run 'pod install' or update your CocoaPods installation.\nEOM\n    exit 1\nfi\n";
			showEnvVarsInLog = 0;
		};
/* End PBXShellScriptBuildPhase section */

/* Begin PBXSourcesBuildPhase section */
		653340BF190E53D1005707F5 /* Sources */ = {
			isa = PBXSourcesBuildPhase;
			buildActionMask = 2147483647;
			files = (
				65334103190E5A72005707F5 /* ODLDeviceLabViewModel.m in Sources */,
				653340D7190E53D1005707F5 /* ODLAppDelegate.m in Sources */,
				653340D3190E53D1005707F5 /* main.m in Sources */,
				653340FD190E5690005707F5 /* ODLMasterViewController.m in Sources */,
				65334100190E5926005707F5 /* ODLMasterViewModel.m in Sources */,
				65334107190E6143005707F5 /* ODLNetworkManager.m in Sources */,
				653340FA190E5641005707F5 /* ODLDeviceLab.m in Sources */,
				6533410D190E73F2005707F5 /* ODLDeviceLabTableViewCell.m in Sources */,
			);
			runOnlyForDeploymentPostprocessing = 0;
		};
		653340DA190E53D1005707F5 /* Sources */ = {
			isa = PBXSourcesBuildPhase;
			buildActionMask = 2147483647;
			files = (
				653340EC190E53D1005707F5 /* Lab_FinderTests.m in Sources */,
			);
			runOnlyForDeploymentPostprocessing = 0;
		};
/* End PBXSourcesBuildPhase section */

/* Begin PBXTargetDependency section */
		653340E4190E53D1005707F5 /* PBXTargetDependency */ = {
			isa = PBXTargetDependency;
			target = 653340C2190E53D1005707F5 /* Lab Finder */;
			targetProxy = 653340E3190E53D1005707F5 /* PBXContainerItemProxy */;
		};
/* End PBXTargetDependency section */

/* Begin PBXVariantGroup section */
		653340CF190E53D1005707F5 /* InfoPlist.strings */ = {
			isa = PBXVariantGroup;
			children = (
				653340D0190E53D1005707F5 /* en */,
			);
			name = InfoPlist.strings;
			sourceTree = "<group>";
		};
		653340E8190E53D1005707F5 /* InfoPlist.strings */ = {
			isa = PBXVariantGroup;
			children = (
				653340E9190E53D1005707F5 /* en */,
			);
			name = InfoPlist.strings;
			sourceTree = "<group>";
		};
/* End PBXVariantGroup section */

/* Begin XCBuildConfiguration section */
		653340ED190E53D1005707F5 /* Debug */ = {
			isa = XCBuildConfiguration;
			buildSettings = {
				ALWAYS_SEARCH_USER_PATHS = NO;
				CLANG_CXX_LANGUAGE_STANDARD = "gnu++0x";
				CLANG_CXX_LIBRARY = "libc++";
				CLANG_ENABLE_MODULES = YES;
				CLANG_ENABLE_OBJC_ARC = YES;
				CLANG_WARN_BOOL_CONVERSION = YES;
				CLANG_WARN_CONSTANT_CONVERSION = YES;
				CLANG_WARN_DIRECT_OBJC_ISA_USAGE = YES_ERROR;
				CLANG_WARN_EMPTY_BODY = YES;
				CLANG_WARN_ENUM_CONVERSION = YES;
				CLANG_WARN_INT_CONVERSION = YES;
				CLANG_WARN_OBJC_ROOT_CLASS = YES_ERROR;
				CLANG_WARN__DUPLICATE_METHOD_MATCH = YES;
				"CODE_SIGN_IDENTITY[sdk=iphoneos*]" = "iPhone Developer";
				COPY_PHASE_STRIP = NO;
				GCC_C_LANGUAGE_STANDARD = gnu99;
				GCC_DYNAMIC_NO_PIC = NO;
				GCC_OPTIMIZATION_LEVEL = 0;
				GCC_PREPROCESSOR_DEFINITIONS = (
					"DEBUG=1",
					"$(inherited)",
				);
				GCC_SYMBOLS_PRIVATE_EXTERN = NO;
				GCC_WARN_64_TO_32_BIT_CONVERSION = YES;
				GCC_WARN_ABOUT_RETURN_TYPE = YES_ERROR;
				GCC_WARN_UNDECLARED_SELECTOR = YES;
				GCC_WARN_UNINITIALIZED_AUTOS = YES_AGGRESSIVE;
				GCC_WARN_UNUSED_FUNCTION = YES;
				GCC_WARN_UNUSED_VARIABLE = YES;
				IPHONEOS_DEPLOYMENT_TARGET = 7.1;
				ONLY_ACTIVE_ARCH = YES;
				SDKROOT = iphoneos;
			};
			name = Debug;
		};
		653340EE190E53D1005707F5 /* Release */ = {
			isa = XCBuildConfiguration;
			buildSettings = {
				ALWAYS_SEARCH_USER_PATHS = NO;
				CLANG_CXX_LANGUAGE_STANDARD = "gnu++0x";
				CLANG_CXX_LIBRARY = "libc++";
				CLANG_ENABLE_MODULES = YES;
				CLANG_ENABLE_OBJC_ARC = YES;
				CLANG_WARN_BOOL_CONVERSION = YES;
				CLANG_WARN_CONSTANT_CONVERSION = YES;
				CLANG_WARN_DIRECT_OBJC_ISA_USAGE = YES_ERROR;
				CLANG_WARN_EMPTY_BODY = YES;
				CLANG_WARN_ENUM_CONVERSION = YES;
				CLANG_WARN_INT_CONVERSION = YES;
				CLANG_WARN_OBJC_ROOT_CLASS = YES_ERROR;
				CLANG_WARN__DUPLICATE_METHOD_MATCH = YES;
				"CODE_SIGN_IDENTITY[sdk=iphoneos*]" = "iPhone Developer";
				COPY_PHASE_STRIP = YES;
				ENABLE_NS_ASSERTIONS = NO;
				GCC_C_LANGUAGE_STANDARD = gnu99;
				GCC_WARN_64_TO_32_BIT_CONVERSION = YES;
				GCC_WARN_ABOUT_RETURN_TYPE = YES_ERROR;
				GCC_WARN_UNDECLARED_SELECTOR = YES;
				GCC_WARN_UNINITIALIZED_AUTOS = YES_AGGRESSIVE;
				GCC_WARN_UNUSED_FUNCTION = YES;
				GCC_WARN_UNUSED_VARIABLE = YES;
				IPHONEOS_DEPLOYMENT_TARGET = 7.1;
				SDKROOT = iphoneos;
				VALIDATE_PRODUCT = YES;
			};
			name = Release;
		};
		653340F0190E53D1005707F5 /* Debug */ = {
			isa = XCBuildConfiguration;
			baseConfigurationReference = BEC05017DDA34EA8AB17239D /* Pods.xcconfig */;
			buildSettings = {
				ASSETCATALOG_COMPILER_APPICON_NAME = AppIcon;
				ASSETCATALOG_COMPILER_LAUNCHIMAGE_NAME = LaunchImage;
				GCC_PRECOMPILE_PREFIX_HEADER = YES;
				GCC_PREFIX_HEADER = "Lab Finder/Lab Finder-Prefix.pch";
				INFOPLIST_FILE = "Lab Finder/Lab Finder-Info.plist";
				PRODUCT_NAME = "$(TARGET_NAME)";
				WRAPPER_EXTENSION = app;
			};
			name = Debug;
		};
		653340F1190E53D1005707F5 /* Release */ = {
			isa = XCBuildConfiguration;
			baseConfigurationReference = BEC05017DDA34EA8AB17239D /* Pods.xcconfig */;
			buildSettings = {
				ASSETCATALOG_COMPILER_APPICON_NAME = AppIcon;
				ASSETCATALOG_COMPILER_LAUNCHIMAGE_NAME = LaunchImage;
				GCC_PRECOMPILE_PREFIX_HEADER = YES;
				GCC_PREFIX_HEADER = "Lab Finder/Lab Finder-Prefix.pch";
				INFOPLIST_FILE = "Lab Finder/Lab Finder-Info.plist";
				PRODUCT_NAME = "$(TARGET_NAME)";
				WRAPPER_EXTENSION = app;
			};
			name = Release;
		};
		653340F3190E53D1005707F5 /* Debug */ = {
			isa = XCBuildConfiguration;
			baseConfigurationReference = 0552643CC9D0475DBB4D1E1A /* Pods-Lab FinderTests.xcconfig */;
			buildSettings = {
				BUNDLE_LOADER = "$(BUILT_PRODUCTS_DIR)/Lab Finder.app/Lab Finder";
				FRAMEWORK_SEARCH_PATHS = (
					"$(SDKROOT)/Developer/Library/Frameworks",
					"$(inherited)",
					"$(DEVELOPER_FRAMEWORKS_DIR)",
				);
				GCC_PRECOMPILE_PREFIX_HEADER = YES;
				GCC_PREFIX_HEADER = "Lab Finder/Lab Finder-Prefix.pch";
				GCC_PREPROCESSOR_DEFINITIONS = (
					"DEBUG=1",
					"$(inherited)",
				);
				INFOPLIST_FILE = "Lab FinderTests/Lab FinderTests-Info.plist";
				PRODUCT_NAME = "$(TARGET_NAME)";
				TEST_HOST = "$(BUNDLE_LOADER)";
				WRAPPER_EXTENSION = xctest;
			};
			name = Debug;
		};
		653340F4190E53D1005707F5 /* Release */ = {
			isa = XCBuildConfiguration;
			baseConfigurationReference = 0552643CC9D0475DBB4D1E1A /* Pods-Lab FinderTests.xcconfig */;
			buildSettings = {
				BUNDLE_LOADER = "$(BUILT_PRODUCTS_DIR)/Lab Finder.app/Lab Finder";
				FRAMEWORK_SEARCH_PATHS = (
					"$(SDKROOT)/Developer/Library/Frameworks",
					"$(inherited)",
					"$(DEVELOPER_FRAMEWORKS_DIR)",
				);
				GCC_PRECOMPILE_PREFIX_HEADER = YES;
				GCC_PREFIX_HEADER = "Lab Finder/Lab Finder-Prefix.pch";
				INFOPLIST_FILE = "Lab FinderTests/Lab FinderTests-Info.plist";
				PRODUCT_NAME = "$(TARGET_NAME)";
				TEST_HOST = "$(BUNDLE_LOADER)";
				WRAPPER_EXTENSION = xctest;
			};
			name = Release;
		};
/* End XCBuildConfiguration section */

/* Begin XCConfigurationList section */
		653340BE190E53D1005707F5 /* Build configuration list for PBXProject "Lab Finder" */ = {
			isa = XCConfigurationList;
			buildConfigurations = (
				653340ED190E53D1005707F5 /* Debug */,
				653340EE190E53D1005707F5 /* Release */,
			);
			defaultConfigurationIsVisible = 0;
			defaultConfigurationName = Release;
		};
		653340EF190E53D1005707F5 /* Build configuration list for PBXNativeTarget "Lab Finder" */ = {
			isa = XCConfigurationList;
			buildConfigurations = (
				653340F0190E53D1005707F5 /* Debug */,
				653340F1190E53D1005707F5 /* Release */,
			);
			defaultConfigurationIsVisible = 0;
			defaultConfigurationName = Release;
		};
		653340F2190E53D1005707F5 /* Build configuration list for PBXNativeTarget "Lab FinderTests" */ = {
			isa = XCConfigurationList;
			buildConfigurations = (
				653340F3190E53D1005707F5 /* Debug */,
				653340F4190E53D1005707F5 /* Release */,
			);
			defaultConfigurationIsVisible = 0;
			defaultConfigurationName = Release;
		};
/* End XCConfigurationList section */
	};
	rootObject = 653340BB190E53D1005707F5 /* Project object */;
}
